// !$*UTF8*$!
{
	archiveVersion = 1;
	classes = {
	};
	objectVersion = 55;
	objects = {

/* Begin PBXBuildFile section */
		A0711C6A28297E0600758C81 /* DateExtention.swift in Sources */ = {isa = PBXBuildFile; fileRef = A0711C6928297E0600758C81 /* DateExtention.swift */; };
		A0711C6C282AC0DE00758C81 /* GameLogDetailView.swift in Sources */ = {isa = PBXBuildFile; fileRef = A0711C6B282AC0DE00758C81 /* GameLogDetailView.swift */; };
		A081AA102826CF9E003D85A1 /* SabageLogApp.swift in Sources */ = {isa = PBXBuildFile; fileRef = A081AA0F2826CF9E003D85A1 /* SabageLogApp.swift */; };
		A081AA122826CF9E003D85A1 /* ContentView.swift in Sources */ = {isa = PBXBuildFile; fileRef = A081AA112826CF9E003D85A1 /* ContentView.swift */; };
		A081AA142826CFA3003D85A1 /* Assets.xcassets in Resources */ = {isa = PBXBuildFile; fileRef = A081AA132826CFA3003D85A1 /* Assets.xcassets */; };
		A081AA172826CFA3003D85A1 /* Preview Assets.xcassets in Resources */ = {isa = PBXBuildFile; fileRef = A081AA162826CFA3003D85A1 /* Preview Assets.xcassets */; };
		A081AA212826CFA3003D85A1 /* SabageLogTests.swift in Sources */ = {isa = PBXBuildFile; fileRef = A081AA202826CFA3003D85A1 /* SabageLogTests.swift */; };
		A081AA2B2826CFA3003D85A1 /* SabageLogUITests.swift in Sources */ = {isa = PBXBuildFile; fileRef = A081AA2A2826CFA3003D85A1 /* SabageLogUITests.swift */; };
		A081AA2D2826CFA3003D85A1 /* SabageLogUITestsLaunchTests.swift in Sources */ = {isa = PBXBuildFile; fileRef = A081AA2C2826CFA3003D85A1 /* SabageLogUITestsLaunchTests.swift */; };
/* End PBXBuildFile section */

/* Begin PBXContainerItemProxy section */
		A081AA1D2826CFA3003D85A1 /* PBXContainerItemProxy */ = {
			isa = PBXContainerItemProxy;
			containerPortal = A081AA042826CF9E003D85A1 /* Project object */;
			proxyType = 1;
			remoteGlobalIDString = A081AA0B2826CF9E003D85A1;
			remoteInfo = SabageLog;
		};
		A081AA272826CFA3003D85A1 /* PBXContainerItemProxy */ = {
			isa = PBXContainerItemProxy;
			containerPortal = A081AA042826CF9E003D85A1 /* Project object */;
			proxyType = 1;
			remoteGlobalIDString = A081AA0B2826CF9E003D85A1;
			remoteInfo = SabageLog;
		};
/* End PBXContainerItemProxy section */

/* Begin PBXFileReference section */
		A0711C6928297E0600758C81 /* DateExtention.swift */ = {isa = PBXFileReference; lastKnownFileType = sourcecode.swift; path = DateExtention.swift; sourceTree = "<group>"; };
		A0711C6B282AC0DE00758C81 /* GameLogDetailView.swift */ = {isa = PBXFileReference; lastKnownFileType = sourcecode.swift; path = GameLogDetailView.swift; sourceTree = "<group>"; };
		A0711C6E282AC24800758C81 /* Info.plist */ = {isa = PBXFileReference; lastKnownFileType = text.plist; path = Info.plist; sourceTree = "<group>"; };
		A081AA0C2826CF9E003D85A1 /* SabageLog.app */ = {isa = PBXFileReference; explicitFileType = wrapper.application; includeInIndex = 0; path = SabageLog.app; sourceTree = BUILT_PRODUCTS_DIR; };
		A081AA0F2826CF9E003D85A1 /* SabageLogApp.swift */ = {isa = PBXFileReference; lastKnownFileType = sourcecode.swift; path = SabageLogApp.swift; sourceTree = "<group>"; };
		A081AA112826CF9E003D85A1 /* ContentView.swift */ = {isa = PBXFileReference; lastKnownFileType = sourcecode.swift; path = ContentView.swift; sourceTree = "<group>"; };
		A081AA132826CFA3003D85A1 /* Assets.xcassets */ = {isa = PBXFileReference; lastKnownFileType = folder.assetcatalog; path = Assets.xcassets; sourceTree = "<group>"; };
		A081AA162826CFA3003D85A1 /* Preview Assets.xcassets */ = {isa = PBXFileReference; lastKnownFileType = folder.assetcatalog; path = "Preview Assets.xcassets"; sourceTree = "<group>"; };
		A081AA1C2826CFA3003D85A1 /* SabageLogTests.xctest */ = {isa = PBXFileReference; explicitFileType = wrapper.cfbundle; includeInIndex = 0; path = SabageLogTests.xctest; sourceTree = BUILT_PRODUCTS_DIR; };
		A081AA202826CFA3003D85A1 /* SabageLogTests.swift */ = {isa = PBXFileReference; lastKnownFileType = sourcecode.swift; path = SabageLogTests.swift; sourceTree = "<group>"; };
		A081AA262826CFA3003D85A1 /* SabageLogUITests.xctest */ = {isa = PBXFileReference; explicitFileType = wrapper.cfbundle; includeInIndex = 0; path = SabageLogUITests.xctest; sourceTree = BUILT_PRODUCTS_DIR; };
		A081AA2A2826CFA3003D85A1 /* SabageLogUITests.swift */ = {isa = PBXFileReference; lastKnownFileType = sourcecode.swift; path = SabageLogUITests.swift; sourceTree = "<group>"; };
		A081AA2C2826CFA3003D85A1 /* SabageLogUITestsLaunchTests.swift */ = {isa = PBXFileReference; lastKnownFileType = sourcecode.swift; path = SabageLogUITestsLaunchTests.swift; sourceTree = "<group>"; };
/* End PBXFileReference section */

/* Begin PBXFrameworksBuildPhase section */
		A081AA092826CF9E003D85A1 /* Frameworks */ = {
			isa = PBXFrameworksBuildPhase;
			buildActionMask = 2147483647;
			files = (
			);
			runOnlyForDeploymentPostprocessing = 0;
		};
		A081AA192826CFA3003D85A1 /* Frameworks */ = {
			isa = PBXFrameworksBuildPhase;
			buildActionMask = 2147483647;
			files = (
			);
			runOnlyForDeploymentPostprocessing = 0;
		};
		A081AA232826CFA3003D85A1 /* Frameworks */ = {
			isa = PBXFrameworksBuildPhase;
			buildActionMask = 2147483647;
			files = (
			);
			runOnlyForDeploymentPostprocessing = 0;
		};
/* End PBXFrameworksBuildPhase section */

/* Begin PBXGroup section */
		A0711C6D282AC10700758C81 /* Class */ = {
			isa = PBXGroup;
			children = (
				A081AA112826CF9E003D85A1 /* ContentView.swift */,
				A0711C6928297E0600758C81 /* DateExtention.swift */,
				A0711C6B282AC0DE00758C81 /* GameLogDetailView.swift */,
			);
			path = Class;
			sourceTree = "<group>";
		};
		A081AA032826CF9E003D85A1 = {
			isa = PBXGroup;
			children = (
				A081AA0E2826CF9E003D85A1 /* SabageLog */,
				A081AA1F2826CFA3003D85A1 /* SabageLogTests */,
				A081AA292826CFA3003D85A1 /* SabageLogUITests */,
				A081AA0D2826CF9E003D85A1 /* Products */,
			);
			sourceTree = "<group>";
		};
		A081AA0D2826CF9E003D85A1 /* Products */ = {
			isa = PBXGroup;
			children = (
				A081AA0C2826CF9E003D85A1 /* SabageLog.app */,
				A081AA1C2826CFA3003D85A1 /* SabageLogTests.xctest */,
				A081AA262826CFA3003D85A1 /* SabageLogUITests.xctest */,
			);
			name = Products;
			sourceTree = "<group>";
		};
		A081AA0E2826CF9E003D85A1 /* SabageLog */ = {
			isa = PBXGroup;
			children = (
				A0711C6E282AC24800758C81 /* Info.plist */,
				A081AA0F2826CF9E003D85A1 /* SabageLogApp.swift */,
				A081AA132826CFA3003D85A1 /* Assets.xcassets */,
				A0711C6D282AC10700758C81 /* Class */,
				A081AA152826CFA3003D85A1 /* Preview Content */,
			);
			path = SabageLog;
			sourceTree = "<group>";
		};
		A081AA152826CFA3003D85A1 /* Preview Content */ = {
			isa = PBXGroup;
			children = (
				A081AA162826CFA3003D85A1 /* Preview Assets.xcassets */,
			);
			path = "Preview Content";
			sourceTree = "<group>";
		};
		A081AA1F2826CFA3003D85A1 /* SabageLogTests */ = {
			isa = PBXGroup;
			children = (
				A081AA202826CFA3003D85A1 /* SabageLogTests.swift */,
			);
			path = SabageLogTests;
			sourceTree = "<group>";
		};
		A081AA292826CFA3003D85A1 /* SabageLogUITests */ = {
			isa = PBXGroup;
			children = (
				A081AA2A2826CFA3003D85A1 /* SabageLogUITests.swift */,
				A081AA2C2826CFA3003D85A1 /* SabageLogUITestsLaunchTests.swift */,
			);
			path = SabageLogUITests;
			sourceTree = "<group>";
		};
/* End PBXGroup section */

/* Begin PBXNativeTarget section */
		A081AA0B2826CF9E003D85A1 /* SabageLog */ = {
			isa = PBXNativeTarget;
			buildConfigurationList = A081AA302826CFA3003D85A1 /* Build configuration list for PBXNativeTarget "SabageLog" */;
			buildPhases = (
				A081AA082826CF9E003D85A1 /* Sources */,
				A081AA092826CF9E003D85A1 /* Frameworks */,
				A081AA0A2826CF9E003D85A1 /* Resources */,
			);
			buildRules = (
			);
			dependencies = (
			);
			name = SabageLog;
			productName = SabageLog;
			productReference = A081AA0C2826CF9E003D85A1 /* SabageLog.app */;
			productType = "com.apple.product-type.application";
		};
		A081AA1B2826CFA3003D85A1 /* SabageLogTests */ = {
			isa = PBXNativeTarget;
			buildConfigurationList = A081AA332826CFA3003D85A1 /* Build configuration list for PBXNativeTarget "SabageLogTests" */;
			buildPhases = (
				A081AA182826CFA3003D85A1 /* Sources */,
				A081AA192826CFA3003D85A1 /* Frameworks */,
				A081AA1A2826CFA3003D85A1 /* Resources */,
			);
			buildRules = (
			);
			dependencies = (
				A081AA1E2826CFA3003D85A1 /* PBXTargetDependency */,
			);
			name = SabageLogTests;
			productName = SabageLogTests;
			productReference = A081AA1C2826CFA3003D85A1 /* SabageLogTests.xctest */;
			productType = "com.apple.product-type.bundle.unit-test";
		};
		A081AA252826CFA3003D85A1 /* SabageLogUITests */ = {
			isa = PBXNativeTarget;
			buildConfigurationList = A081AA362826CFA3003D85A1 /* Build configuration list for PBXNativeTarget "SabageLogUITests" */;
			buildPhases = (
				A081AA222826CFA3003D85A1 /* Sources */,
				A081AA232826CFA3003D85A1 /* Frameworks */,
				A081AA242826CFA3003D85A1 /* Resources */,
			);
			buildRules = (
			);
			dependencies = (
				A081AA282826CFA3003D85A1 /* PBXTargetDependency */,
			);
			name = SabageLogUITests;
			productName = SabageLogUITests;
			productReference = A081AA262826CFA3003D85A1 /* SabageLogUITests.xctest */;
			productType = "com.apple.product-type.bundle.ui-testing";
		};
/* End PBXNativeTarget section */

/* Begin PBXProject section */
		A081AA042826CF9E003D85A1 /* Project object */ = {
			isa = PBXProject;
			attributes = {
				BuildIndependentTargetsInParallel = 1;
				LastSwiftUpdateCheck = 1330;
				LastUpgradeCheck = 1330;
				TargetAttributes = {
					A081AA0B2826CF9E003D85A1 = {
						CreatedOnToolsVersion = 13.3.1;
					};
					A081AA1B2826CFA3003D85A1 = {
						CreatedOnToolsVersion = 13.3.1;
						TestTargetID = A081AA0B2826CF9E003D85A1;
					};
					A081AA252826CFA3003D85A1 = {
						CreatedOnToolsVersion = 13.3.1;
						TestTargetID = A081AA0B2826CF9E003D85A1;
					};
				};
			};
			buildConfigurationList = A081AA072826CF9E003D85A1 /* Build configuration list for PBXProject "SabageLog" */;
			compatibilityVersion = "Xcode 13.0";
			developmentRegion = en;
			hasScannedForEncodings = 0;
			knownRegions = (
				en,
				Base,
			);
			mainGroup = A081AA032826CF9E003D85A1;
			productRefGroup = A081AA0D2826CF9E003D85A1 /* Products */;
			projectDirPath = "";
			projectRoot = "";
			targets = (
				A081AA0B2826CF9E003D85A1 /* SabageLog */,
				A081AA1B2826CFA3003D85A1 /* SabageLogTests */,
				A081AA252826CFA3003D85A1 /* SabageLogUITests */,
			);
		};
/* End PBXProject section */

/* Begin PBXResourcesBuildPhase section */
		A081AA0A2826CF9E003D85A1 /* Resources */ = {
			isa = PBXResourcesBuildPhase;
			buildActionMask = 2147483647;
			files = (
				A081AA172826CFA3003D85A1 /* Preview Assets.xcassets in Resources */,
				A081AA142826CFA3003D85A1 /* Assets.xcassets in Resources */,
			);
			runOnlyForDeploymentPostprocessing = 0;
		};
		A081AA1A2826CFA3003D85A1 /* Resources */ = {
			isa = PBXResourcesBuildPhase;
			buildActionMask = 2147483647;
			files = (
			);
			runOnlyForDeploymentPostprocessing = 0;
		};
		A081AA242826CFA3003D85A1 /* Resources */ = {
			isa = PBXResourcesBuildPhase;
			buildActionMask = 2147483647;
			files = (
			);
			runOnlyForDeploymentPostprocessing = 0;
		};
/* End PBXResourcesBuildPhase section */

/* Begin PBXSourcesBuildPhase section */
		A081AA082826CF9E003D85A1 /* Sources */ = {
			isa = PBXSourcesBuildPhase;
			buildActionMask = 2147483647;
			files = (
				A0711C6C282AC0DE00758C81 /* GameLogDetailView.swift in Sources */,
				A081AA122826CF9E003D85A1 /* ContentView.swift in Sources */,
				A081AA102826CF9E003D85A1 /* SabageLogApp.swift in Sources */,
				A0711C6A28297E0600758C81 /* DateExtention.swift in Sources */,
			);
			runOnlyForDeploymentPostprocessing = 0;
		};
		A081AA182826CFA3003D85A1 /* Sources */ = {
			isa = PBXSourcesBuildPhase;
			buildActionMask = 2147483647;
			files = (
				A081AA212826CFA3003D85A1 /* SabageLogTests.swift in Sources */,
			);
			runOnlyForDeploymentPostprocessing = 0;
		};
		A081AA222826CFA3003D85A1 /* Sources */ = {
			isa = PBXSourcesBuildPhase;
			buildActionMask = 2147483647;
			files = (
				A081AA2D2826CFA3003D85A1 /* SabageLogUITestsLaunchTests.swift in Sources */,
				A081AA2B2826CFA3003D85A1 /* SabageLogUITests.swift in Sources */,
			);
			runOnlyForDeploymentPostprocessing = 0;
		};
/* End PBXSourcesBuildPhase section */

/* Begin PBXTargetDependency section */
		A081AA1E2826CFA3003D85A1 /* PBXTargetDependency */ = {
			isa = PBXTargetDependency;
			target = A081AA0B2826CF9E003D85A1 /* SabageLog */;
			targetProxy = A081AA1D2826CFA3003D85A1 /* PBXContainerItemProxy */;
		};
		A081AA282826CFA3003D85A1 /* PBXTargetDependency */ = {
			isa = PBXTargetDependency;
			target = A081AA0B2826CF9E003D85A1 /* SabageLog */;
			targetProxy = A081AA272826CFA3003D85A1 /* PBXContainerItemProxy */;
		};
/* End PBXTargetDependency section */

/* Begin XCBuildConfiguration section */
		A081AA2E2826CFA3003D85A1 /* Debug */ = {
			isa = XCBuildConfiguration;
			buildSettings = {
				ALWAYS_SEARCH_USER_PATHS = NO;
				CLANG_ANALYZER_NONNULL = YES;
				CLANG_ANALYZER_NUMBER_OBJECT_CONVERSION = YES_AGGRESSIVE;
				CLANG_CXX_LANGUAGE_STANDARD = "gnu++17";
				CLANG_ENABLE_MODULES = YES;
				CLANG_ENABLE_OBJC_ARC = YES;
				CLANG_ENABLE_OBJC_WEAK = YES;
				CLANG_WARN_BLOCK_CAPTURE_AUTORELEASING = YES;
				CLANG_WARN_BOOL_CONVERSION = YES;
				CLANG_WARN_COMMA = YES;
				CLANG_WARN_CONSTANT_CONVERSION = YES;
				CLANG_WARN_DEPRECATED_OBJC_IMPLEMENTATIONS = YES;
				CLANG_WARN_DIRECT_OBJC_ISA_USAGE = YES_ERROR;
				CLANG_WARN_DOCUMENTATION_COMMENTS = YES;
				CLANG_WARN_EMPTY_BODY = YES;
				CLANG_WARN_ENUM_CONVERSION = YES;
				CLANG_WARN_INFINITE_RECURSION = YES;
				CLANG_WARN_INT_CONVERSION = YES;
				CLANG_WARN_NON_LITERAL_NULL_CONVERSION = YES;
				CLANG_WARN_OBJC_IMPLICIT_RETAIN_SELF = YES;
				CLANG_WARN_OBJC_LITERAL_CONVERSION = YES;
				CLANG_WARN_OBJC_ROOT_CLASS = YES_ERROR;
				CLANG_WARN_QUOTED_INCLUDE_IN_FRAMEWORK_HEADER = YES;
				CLANG_WARN_RANGE_LOOP_ANALYSIS = YES;
				CLANG_WARN_STRICT_PROTOTYPES = YES;
				CLANG_WARN_SUSPICIOUS_MOVE = YES;
				CLANG_WARN_UNGUARDED_AVAILABILITY = YES_AGGRESSIVE;
				CLANG_WARN_UNREACHABLE_CODE = YES;
				CLANG_WARN__DUPLICATE_METHOD_MATCH = YES;
				COPY_PHASE_STRIP = NO;
				DEBUG_INFORMATION_FORMAT = dwarf;
				ENABLE_STRICT_OBJC_MSGSEND = YES;
				ENABLE_TESTABILITY = YES;
				GCC_C_LANGUAGE_STANDARD = gnu11;
				GCC_DYNAMIC_NO_PIC = NO;
				GCC_NO_COMMON_BLOCKS = YES;
				GCC_OPTIMIZATION_LEVEL = 0;
				GCC_PREPROCESSOR_DEFINITIONS = (
					"DEBUG=1",
					"$(inherited)",
				);
				GCC_WARN_64_TO_32_BIT_CONVERSION = YES;
				GCC_WARN_ABOUT_RETURN_TYPE = YES_ERROR;
				GCC_WARN_UNDECLARED_SELECTOR = YES;
				GCC_WARN_UNINITIALIZED_AUTOS = YES_AGGRESSIVE;
				GCC_WARN_UNUSED_FUNCTION = YES;
				GCC_WARN_UNUSED_VARIABLE = YES;
				IPHONEOS_DEPLOYMENT_TARGET = 15.4;
				MTL_ENABLE_DEBUG_INFO = INCLUDE_SOURCE;
				MTL_FAST_MATH = YES;
				ONLY_ACTIVE_ARCH = YES;
				SDKROOT = iphoneos;
				SWIFT_ACTIVE_COMPILATION_CONDITIONS = DEBUG;
				SWIFT_OPTIMIZATION_LEVEL = "-Onone";
			};
			name = Debug;
		};
		A081AA2F2826CFA3003D85A1 /* Release */ = {
			isa = XCBuildConfiguration;
			buildSettings = {
				ALWAYS_SEARCH_USER_PATHS = NO;
				CLANG_ANALYZER_NONNULL = YES;
				CLANG_ANALYZER_NUMBER_OBJECT_CONVERSION = YES_AGGRESSIVE;
				CLANG_CXX_LANGUAGE_STANDARD = "gnu++17";
				CLANG_ENABLE_MODULES = YES;
				CLANG_ENABLE_OBJC_ARC = YES;
				CLANG_ENABLE_OBJC_WEAK = YES;
				CLANG_WARN_BLOCK_CAPTURE_AUTORELEASING = YES;
				CLANG_WARN_BOOL_CONVERSION = YES;
				CLANG_WARN_COMMA = YES;
				CLANG_WARN_CONSTANT_CONVERSION = YES;
				CLANG_WARN_DEPRECATED_OBJC_IMPLEMENTATIONS = YES;
				CLANG_WARN_DIRECT_OBJC_ISA_USAGE = YES_ERROR;
				CLANG_WARN_DOCUMENTATION_COMMENTS = YES;
				CLANG_WARN_EMPTY_BODY = YES;
				CLANG_WARN_ENUM_CONVERSION = YES;
				CLANG_WARN_INFINITE_RECURSION = YES;
				CLANG_WARN_INT_CONVERSION = YES;
				CLANG_WARN_NON_LITERAL_NULL_CONVERSION = YES;
				CLANG_WARN_OBJC_IMPLICIT_RETAIN_SELF = YES;
				CLANG_WARN_OBJC_LITERAL_CONVERSION = YES;
				CLANG_WARN_OBJC_ROOT_CLASS = YES_ERROR;
				CLANG_WARN_QUOTED_INCLUDE_IN_FRAMEWORK_HEADER = YES;
				CLANG_WARN_RANGE_LOOP_ANALYSIS = YES;
				CLANG_WARN_STRICT_PROTOTYPES = YES;
				CLANG_WARN_SUSPICIOUS_MOVE = YES;
				CLANG_WARN_UNGUARDED_AVAILABILITY = YES_AGGRESSIVE;
				CLANG_WARN_UNREACHABLE_CODE = YES;
				CLANG_WARN__DUPLICATE_METHOD_MATCH = YES;
				COPY_PHASE_STRIP = NO;
				DEBUG_INFORMATION_FORMAT = "dwarf-with-dsym";
				ENABLE_NS_ASSERTIONS = NO;
				ENABLE_STRICT_OBJC_MSGSEND = YES;
				GCC_C_LANGUAGE_STANDARD = gnu11;
				GCC_NO_COMMON_BLOCKS = YES;
				GCC_WARN_64_TO_32_BIT_CONVERSION = YES;
				GCC_WARN_ABOUT_RETURN_TYPE = YES_ERROR;
				GCC_WARN_UNDECLARED_SELECTOR = YES;
				GCC_WARN_UNINITIALIZED_AUTOS = YES_AGGRESSIVE;
				GCC_WARN_UNUSED_FUNCTION = YES;
				GCC_WARN_UNUSED_VARIABLE = YES;
				IPHONEOS_DEPLOYMENT_TARGET = 15.4;
				MTL_ENABLE_DEBUG_INFO = NO;
				MTL_FAST_MATH = YES;
				SDKROOT = iphoneos;
				SWIFT_COMPILATION_MODE = wholemodule;
				SWIFT_OPTIMIZATION_LEVEL = "-O";
				VALIDATE_PRODUCT = YES;
			};
			name = Release;
		};
		A081AA312826CFA3003D85A1 /* Debug */ = {
			isa = XCBuildConfiguration;
			buildSettings = {
				ASSETCATALOG_COMPILER_APPICON_NAME = AppIcon;
				ASSETCATALOG_COMPILER_GLOBAL_ACCENT_COLOR_NAME = AccentColor;
				CODE_SIGN_STYLE = Automatic;
				CURRENT_PROJECT_VERSION = 1;
				DEVELOPMENT_ASSET_PATHS = "\"SabageLog/Preview Content\"";
				ENABLE_PREVIEWS = YES;
				GENERATE_INFOPLIST_FILE = YES;
				INFOPLIST_FILE = SabageLog/Info.plist;
				INFOPLIST_KEY_UIApplicationSceneManifest_Generation = YES;
				INFOPLIST_KEY_UIApplicationSupportsIndirectInputEvents = YES;
				INFOPLIST_KEY_UISupportedInterfaceOrientations_iPad = "UIInterfaceOrientationPortrait UIInterfaceOrientationPortraitUpsideDown UIInterfaceOrientationLandscapeLeft UIInterfaceOrientationLandscapeRight";
				INFOPLIST_KEY_UISupportedInterfaceOrientations_iPhone = "UIInterfaceOrientationPortrait UIInterfaceOrientationLandscapeLeft UIInterfaceOrientationLandscapeRight";
				LD_RUNPATH_SEARCH_PATHS = (
					"$(inherited)",
					"@executable_path/Frameworks",
				);
				MARKETING_VERSION = 1.0;
				PRODUCT_BUNDLE_IDENTIFIER = markfour.SabageLog;
				PRODUCT_NAME = "$(TARGET_NAME)";
				SWIFT_EMIT_LOC_STRINGS = YES;
				SWIFT_VERSION = 5.0;
				TARGETED_DEVICE_FAMILY = "1,2";
			};
			name = Debug;
		};
		A081AA322826CFA3003D85A1 /* Release */ = {
			isa = XCBuildConfiguration;
			buildSettings = {
				ASSETCATALOG_COMPILER_APPICON_NAME = AppIcon;
				ASSETCATALOG_COMPILER_GLOBAL_ACCENT_COLOR_NAME = AccentColor;
				CODE_SIGN_STYLE = Automatic;
				CURRENT_PROJECT_VERSION = 1;
				DEVELOPMENT_ASSET_PATHS = "\"SabageLog/Preview Content\"";
				ENABLE_PREVIEWS = YES;
				GENERATE_INFOPLIST_FILE = YES;
				INFOPLIST_FILE = SabageLog/Info.plist;
				INFOPLIST_KEY_UIApplicationSceneManifest_Generation = YES;
				INFOPLIST_KEY_UIApplicationSupportsIndirectInputEvents = YES;
				INFOPLIST_KEY_UISupportedInterfaceOrientations_iPad = "UIInterfaceOrientationPortrait UIInterfaceOrientationPortraitUpsideDown UIInterfaceOrientationLandscapeLeft UIInterfaceOrientationLandscapeRight";
				INFOPLIST_KEY_UISupportedInterfaceOrientations_iPhone = "UIInterfaceOrientationPortrait UIInterfaceOrientationLandscapeLeft UIInterfaceOrientationLandscapeRight";
				LD_RUNPATH_SEARCH_PATHS = (
					"$(inherited)",
					"@executable_path/Frameworks",
				);
				MARKETING_VERSION = 1.0;
				PRODUCT_BUNDLE_IDENTIFIER = markfour.SabageLog;
				PRODUCT_NAME = "$(TARGET_NAME)";
				SWIFT_EMIT_LOC_STRINGS = YES;
				SWIFT_VERSION = 5.0;
				TARGETED_DEVICE_FAMILY = "1,2";
			};
			name = Release;
		};
		A081AA342826CFA3003D85A1 /* Debug */ = {
			isa = XCBuildConfiguration;
			buildSettings = {
				ALWAYS_EMBED_SWIFT_STANDARD_LIBRARIES = YES;
				BUNDLE_LOADER = "$(TEST_HOST)";
				CODE_SIGN_STYLE = Automatic;
				CURRENT_PROJECT_VERSION = 1;
				GENERATE_INFOPLIST_FILE = YES;
				IPHONEOS_DEPLOYMENT_TARGET = 15.4;
				MARKETING_VERSION = 1.0;
				PRODUCT_BUNDLE_IDENTIFIER = markfour.SabageLogTests;
				PRODUCT_NAME = "$(TARGET_NAME)";
				SWIFT_EMIT_LOC_STRINGS = NO;
				SWIFT_VERSION = 5.0;
				TARGETED_DEVICE_FAMILY = "1,2";
				TEST_HOST = "$(BUILT_PRODUCTS_DIR)/SabageLog.app/SabageLog";
			};
			name = Debug;
		};
		A081AA352826CFA3003D85A1 /* Release */ = {
			isa = XCBuildConfiguration;
			buildSettings = {
				ALWAYS_EMBED_SWIFT_STANDARD_LIBRARIES = YES;
				BUNDLE_LOADER = "$(TEST_HOST)";
				CODE_SIGN_STYLE = Automatic;
				CURRENT_PROJECT_VERSION = 1;
				GENERATE_INFOPLIST_FILE = YES;
				IPHONEOS_DEPLOYMENT_TARGET = 15.4;
				MARKETING_VERSION = 1.0;
				PRODUCT_BUNDLE_IDENTIFIER = markfour.SabageLogTests;
				PRODUCT_NAME = "$(TARGET_NAME)";
				SWIFT_EMIT_LOC_STRINGS = NO;
				SWIFT_VERSION = 5.0;
				TARGETED_DEVICE_FAMILY = "1,2";
				TEST_HOST = "$(BUILT_PRODUCTS_DIR)/SabageLog.app/SabageLog";
			};
			name = Release;
		};
		A081AA372826CFA3003D85A1 /* Debug */ = {
			isa = XCBuildConfiguration;
			buildSettings = {
				ALWAYS_EMBED_SWIFT_STANDARD_LIBRARIES = YES;
				CODE_SIGN_STYLE = Automatic;
				CURRENT_PROJECT_VERSION = 1;
				GENERATE_INFOPLIST_FILE = YES;
				MARKETING_VERSION = 1.0;
				PRODUCT_BUNDLE_IDENTIFIER = markfour.SabageLogUITests;
				PRODUCT_NAME = "$(TARGET_NAME)";
				SWIFT_EMIT_LOC_STRINGS = NO;
				SWIFT_VERSION = 5.0;
				TARGETED_DEVICE_FAMILY = "1,2";
				TEST_TARGET_NAME = SabageLog;
			};
			name = Debug;
		};
		A081AA382826CFA3003D85A1 /* Release */ = {
			isa = XCBuildConfiguration;
			buildSettings = {
				ALWAYS_EMBED_SWIFT_STANDARD_LIBRARIES = YES;
				CODE_SIGN_STYLE = Automatic;
				CURRENT_PROJECT_VERSION = 1;
				GENERATE_INFOPLIST_FILE = YES;
				MARKETING_VERSION = 1.0;
				PRODUCT_BUNDLE_IDENTIFIER = markfour.SabageLogUITests;
				PRODUCT_NAME = "$(TARGET_NAME)";
				SWIFT_EMIT_LOC_STRINGS = NO;
				SWIFT_VERSION = 5.0;
				TARGETED_DEVICE_FAMILY = "1,2";
				TEST_TARGET_NAME = SabageLog;
			};
			name = Release;
		};
/* End XCBuildConfiguration section */

/* Begin XCConfigurationList section */
		A081AA072826CF9E003D85A1 /* Build configuration list for PBXProject "SabageLog" */ = {
			isa = XCConfigurationList;
			buildConfigurations = (
				A081AA2E2826CFA3003D85A1 /* Debug */,
				A081AA2F2826CFA3003D85A1 /* Release */,
			);
			defaultConfigurationIsVisible = 0;
			defaultConfigurationName = Release;
		};
		A081AA302826CFA3003D85A1 /* Build configuration list for PBXNativeTarget "SabageLog" */ = {
			isa = XCConfigurationList;
			buildConfigurations = (
				A081AA312826CFA3003D85A1 /* Debug */,
				A081AA322826CFA3003D85A1 /* Release */,
			);
			defaultConfigurationIsVisible = 0;
			defaultConfigurationName = Release;
		};
		A081AA332826CFA3003D85A1 /* Build configuration list for PBXNativeTarget "SabageLogTests" */ = {
			isa = XCConfigurationList;
			buildConfigurations = (
				A081AA342826CFA3003D85A1 /* Debug */,
				A081AA352826CFA3003D85A1 /* Release */,
			);
			defaultConfigurationIsVisible = 0;
			defaultConfigurationName = Release;
		};
		A081AA362826CFA3003D85A1 /* Build configuration list for PBXNativeTarget "SabageLogUITests" */ = {
			isa = XCConfigurationList;
			buildConfigurations = (
				A081AA372826CFA3003D85A1 /* Debug */,
				A081AA382826CFA3003D85A1 /* Release */,
			);
			defaultConfigurationIsVisible = 0;
			defaultConfigurationName = Release;
		};
/* End XCConfigurationList section */
	};
	rootObject = A081AA042826CF9E003D85A1 /* Project object */;
}
